
Microsoft Visual Studio Solution File, Format Version 11.00
# Visual Studio 2010
Project("{FAE04EC0-301F-11D3-BF4B-00C04F79EFBC}") = "IAuthorizationPolicyRecipe.Web", "IAuthorizationPolicyRecipe.Web\IAuthorizationPolicyRecipe.Web.csproj", "{096F8CED-3903-4E03-A025-FC370D8FE2FD}"
EndProject
Project("{FAE04EC0-301F-11D3-BF4B-00C04F79EFBC}") = "IAuthorizationPolicyRecipe.Tests.Unit", "IAuthorizationPolicyRecipe.Tests.Unit\IAuthorizationPolicyRecipe.Tests.Unit.csproj", "{F6344C26-99B4-486F-B41D-CD13ABF3A57F}"
EndProject
Project("{2150E333-8FDC-42A3-9474-1A3956D46DE8}") = "Recipe", "Recipe", "{E9AAB642-DCC2-4D13-A18A-A7BF5F2B7741}"
	ProjectSection(SolutionItems) = preProject
		nuget.config = nuget.config
		readme.markdown = readme.markdown
	EndProjectSection
EndProject
Global
	GlobalSection(SolutionConfigurationPlatforms) = preSolution
		Debug|Any CPU = Debug|Any CPU
		Release|Any CPU = Release|Any CPU
	EndGlobalSection
	GlobalSection(ProjectConfigurationPlatforms) = postSolution
		{096F8CED-3903-4E03-A025-FC370D8FE2FD}.Debug|Any CPU.ActiveCfg = Debug|Any CPU
		{096F8CED-3903-4E03-A025-FC370D8FE2FD}.Debug|Any CPU.Build.0 = Debug|Any CPU
		{096F8CED-3903-4E03-A025-FC370D8FE2FD}.Release|Any CPU.ActiveCfg = Release|Any CPU
		{096F8CED-3903-4E03-A025-FC370D8FE2FD}.Release|Any CPU.Build.0 = Release|Any CPU
		{F6344C26-99B4-486F-B41D-CD13ABF3A57F}.Debug|Any CPU.ActiveCfg = Debug|Any CPU
		{F6344C26-99B4-486F-B41D-CD13ABF3A57F}.Debug|Any CPU.Build.0 = Debug|Any CPU
		{F6344C26-99B4-486F-B41D-CD13ABF3A57F}.Release|Any CPU.ActiveCfg = Release|Any CPU
		{F6344C26-99B4-486F-B41D-CD13ABF3A57F}.Release|Any CPU.Build.0 = Release|Any CPU
	EndGlobalSection
	GlobalSection(SolutionProperties) = preSolution
		HideSolutionNode = FALSE
	EndGlobalSection
EndGlobal
