
Microsoft Visual Studio Solution File, Format Version 11.00
# Visual Studio 2010
Project("{FAE04EC0-301F-11D3-BF4B-00C04F79EFBC}") = "FubuContinuationRecipe.Web", "FubuContinuationRecipe.Web\FubuContinuationRecipe.Web.csproj", "{D187E66F-359C-49CB-94C3-3F109CF98A12}"
EndProject
Project("{FAE04EC0-301F-11D3-BF4B-00C04F79EFBC}") = "FubuContinuationRecipe.Tests.Unit", "FubuContinuationRecipe.Tests.Unit\FubuContinuationRecipe.Tests.Unit.csproj", "{981C1C1D-DC2B-4271-B05C-559052D84FAA}"
EndProject
Project("{2150E333-8FDC-42A3-9474-1A3956D46DE8}") = "Recipe", "Recipe", "{EC0883C4-F5F0-4F22-8094-342E4C8186D8}"
	ProjectSection(SolutionItems) = preProject
		nuget.config = nuget.config
		readme.markdown = readme.markdown
	EndProjectSection
EndProject
Global
	GlobalSection(SolutionConfigurationPlatforms) = preSolution
		Debug|Any CPU = Debug|Any CPU
		Release|Any CPU = Release|Any CPU
	EndGlobalSection
	GlobalSection(ProjectConfigurationPlatforms) = postSolution
		{D187E66F-359C-49CB-94C3-3F109CF98A12}.Debug|Any CPU.ActiveCfg = Debug|Any CPU
		{D187E66F-359C-49CB-94C3-3F109CF98A12}.Debug|Any CPU.Build.0 = Debug|Any CPU
		{D187E66F-359C-49CB-94C3-3F109CF98A12}.Release|Any CPU.ActiveCfg = Release|Any CPU
		{D187E66F-359C-49CB-94C3-3F109CF98A12}.Release|Any CPU.Build.0 = Release|Any CPU
		{981C1C1D-DC2B-4271-B05C-559052D84FAA}.Debug|Any CPU.ActiveCfg = Debug|Any CPU
		{981C1C1D-DC2B-4271-B05C-559052D84FAA}.Debug|Any CPU.Build.0 = Debug|Any CPU
		{981C1C1D-DC2B-4271-B05C-559052D84FAA}.Release|Any CPU.ActiveCfg = Release|Any CPU
		{981C1C1D-DC2B-4271-B05C-559052D84FAA}.Release|Any CPU.Build.0 = Release|Any CPU
	EndGlobalSection
	GlobalSection(SolutionProperties) = preSolution
		HideSolutionNode = FALSE
	EndGlobalSection
EndGlobal
